
Microsoft Visual Studio Solution File, Format Version 12.00
# Visual Studio Version 16
VisualStudioVersion = 16.0.30413.136
MinimumVisualStudioVersion = 10.0.40219.1
Project("{9A19103F-16F7-4668-BE54-9A1E7A4F7556}") = "Saniteau", "01-Front\Saniteau\Saniteau.csproj", "{981CFDC2-EAF3-4FAD-BFF3-6E46224B8951}"
EndProject
Project("{2150E333-8FDC-42A3-9474-1A3956D46DE8}") = "01-Front", "01-Front", "{CAD3979A-CD97-484C-809C-0ACF7B55ABAC}"
EndProject
Project("{2150E333-8FDC-42A3-9474-1A3956D46DE8}") = "02-Compteurs", "02-Compteurs", "{31FF49A6-E073-4F3D-9531-B58DBD69CC05}"
EndProject
Project("{9A19103F-16F7-4668-BE54-9A1E7A4F7556}") = "Saniteau.Compteurs.Domain", "02-Compteurs\Saniteau.Compteurs.Domain\Saniteau.Compteurs.Domain.csproj", "{5ECBAED1-1BDB-4CEC-866E-FFA0AE449516}"
EndProject
Project("{9A19103F-16F7-4668-BE54-9A1E7A4F7556}") = "Saniteau.Compteurs.Application", "02-Compteurs\Saniteau.Compteurs.Application\Saniteau.Compteurs.Application.csproj", "{55B0C0AE-BA47-49AE-9F13-585B98B82C21}"
EndProject
Project("{9A19103F-16F7-4668-BE54-9A1E7A4F7556}") = "Saniteau.Compteurs.Contract", "02-Compteurs\Saniteau.Compteurs.Contract\Saniteau.Compteurs.Contract.csproj", "{5D4545EA-4A29-48C5-8B7F-0A244CF6EA43}"
EndProject
Project("{2150E333-8FDC-42A3-9474-1A3956D46DE8}") = "03-Releves", "03-Releves", "{6ED1D2EB-0CF0-4EA6-9D15-F2A276AEDAA6}"
EndProject
Project("{9A19103F-16F7-4668-BE54-9A1E7A4F7556}") = "Saniteau.Releves.Domain", "03-Releves\Saniteau.Releves.Domain\Saniteau.Releves.Domain.csproj", "{83137656-D0FA-4715-B7C6-74DB6718B2C0}"
EndProject
Project("{9A19103F-16F7-4668-BE54-9A1E7A4F7556}") = "Saniteau.Releves.Application", "03-Releves\Saniteau.Releves.Application\Saniteau.Releves.Application.csproj", "{D31EBF0D-E073-4D7D-B097-3D5F1F3AD5FE}"
EndProject
Project("{9A19103F-16F7-4668-BE54-9A1E7A4F7556}") = "Saniteau.Releves.Contract", "03-Releves\Saniteau.Releves.Contract\Saniteau.Releves.Contract.csproj", "{19598054-17E0-44A6-93FB-D2274B5B38B0}"
EndProject
Project("{2150E333-8FDC-42A3-9474-1A3956D46DE8}") = "04-Facturation", "04-Facturation", "{C34BF925-0500-4B66-8282-0E7269444C4A}"
EndProject
Project("{9A19103F-16F7-4668-BE54-9A1E7A4F7556}") = "Saniteau.Facturation.Domain", "04-Facturation\Saniteau.Facturation.Domain\Saniteau.Facturation.Domain.csproj", "{96FA4117-CD63-4160-BC67-041D789C28E4}"
EndProject
Project("{9A19103F-16F7-4668-BE54-9A1E7A4F7556}") = "Saniteau.Facturation.Application", "04-Facturation\Saniteau.Facturation.Application\Saniteau.Facturation.Application.csproj", "{43BF9E00-6A12-45D6-8E05-01112B76C324}"
EndProject
Project("{9A19103F-16F7-4668-BE54-9A1E7A4F7556}") = "Saniteau.Facturation.Contract", "04-Facturation\Saniteau.Facturation.Contract\Saniteau.Facturation.Contract.csproj", "{AF4B169A-2B99-464A-A511-F264A37D426D}"
EndProject
Project("{2150E333-8FDC-42A3-9474-1A3956D46DE8}") = "05-DSP", "05-DSP", "{7D34C3B2-C718-4222-BCE6-B432BAEE9F53}"
EndProject
Project("{9A19103F-16F7-4668-BE54-9A1E7A4F7556}") = "Saniteau.DSP.Domain", "05-DSP\Saniteau.DSP.Domain\Saniteau.DSP.Domain.csproj", "{C23ABB7B-ED5C-4965-A8E0-F64F5FAA809C}"
EndProject
Project("{9A19103F-16F7-4668-BE54-9A1E7A4F7556}") = "Saniteau.DSP.Application", "05-DSP\Saniteau.DSP.Application\Saniteau.DSP.Application.csproj", "{F120226D-8F8E-4A10-8665-AD925498EFF4}"
EndProject
Project("{9A19103F-16F7-4668-BE54-9A1E7A4F7556}") = "Saniteau.DSP.Contract", "05-DSP\Saniteau.DSP.Contract\Saniteau.DSP.Contract.csproj", "{E1CEFBB3-6071-4A1A-AAF5-2BF548953D08}"
EndProject
Project("{2150E333-8FDC-42A3-9474-1A3956D46DE8}") = "07-Infrastructure", "07-Infrastructure", "{2F3A5C27-3426-4D9A-B37F-5516E79D342A}"
EndProject
Project("{9A19103F-16F7-4668-BE54-9A1E7A4F7556}") = "Saniteau.Infrastructure.DataContext", "07-Infrastructure\Saniteau.Infrastructure.DataContext\Saniteau.Infrastructure.DataContext.csproj", "{917F4208-AB8A-4BCC-B286-18596B135135}"
	ProjectSection(ProjectDependencies) = postProject
		{CA1491D1-2718-40A2-9E34-E15D774492A2} = {CA1491D1-2718-40A2-9E34-E15D774492A2}
	EndProjectSection
EndProject
Project("{9A19103F-16F7-4668-BE54-9A1E7A4F7556}") = "Saniteau.Infrastructure.DataModel", "07-Infrastructure\Saniteau.Infrastructure.DataModel\Saniteau.Infrastructure.DataModel.csproj", "{CA1491D1-2718-40A2-9E34-E15D774492A2}"
EndProject
Project("{9A19103F-16F7-4668-BE54-9A1E7A4F7556}") = "Saniteau.Compteurs.Repository", "02-Compteurs\Saniteau.Compteurs.Repository\Saniteau.Compteurs.Repository.csproj", "{44553499-0953-491C-B5A6-741B2F2BA200}"
EndProject
Project("{9A19103F-16F7-4668-BE54-9A1E7A4F7556}") = "Saniteau.Releves.Repository", "03-Releves\Saniteau.Releves.Repository\Saniteau.Releves.Repository.csproj", "{58BB6DEE-06CD-4BE5-BDC4-F2DA03A87631}"
EndProject
Project("{9A19103F-16F7-4668-BE54-9A1E7A4F7556}") = "Saniteau.Facturation.Repository", "04-Facturation\Saniteau.Facturation.Repository\Saniteau.Facturation.Repository.csproj", "{B16E1B5A-97AE-41F7-AD60-F97CA9EF7ECA}"
EndProject
Project("{9A19103F-16F7-4668-BE54-9A1E7A4F7556}") = "Saniteau.DSP.Repository", "05-DSP\Saniteau.DSP.Repository\Saniteau.DSP.Repository.csproj", "{02746CC4-F2A5-4FA7-A919-67EFBD598732}"
EndProject
Project("{2150E333-8FDC-42A3-9474-1A3956D46DE8}") = "Tests", "Tests", "{C0A570D5-032A-4443-9DF9-38D08FCA5211}"
EndProject
Project("{2150E333-8FDC-42A3-9474-1A3956D46DE8}") = "Tests", "Tests", "{30DFF06A-16E2-4A43-B571-0AB8A8FC7C2A}"
EndProject
Project("{2150E333-8FDC-42A3-9474-1A3956D46DE8}") = "Tests", "Tests", "{4A75FDC2-7E0F-4025-A544-667270BC3BDE}"
EndProject
Project("{2150E333-8FDC-42A3-9474-1A3956D46DE8}") = "Tests", "Tests", "{456951DF-D5C7-48C9-B231-61767895D5FB}"
EndProject
Project("{9A19103F-16F7-4668-BE54-9A1E7A4F7556}") = "Saniteau.Compteurs.Domain.Tests", "02-Compteurs\Tests\Saniteau.Compteurs.Domain.Tests\Saniteau.Compteurs.Domain.Tests.csproj", "{6681AC9C-3B89-4EF3-8428-BFCBFFD37C27}"
EndProject
Project("{9A19103F-16F7-4668-BE54-9A1E7A4F7556}") = "Saniteau.Releves.Domain.Tests", "03-Releves\Tests\Saniteau.Releves.Domain.Tests\Saniteau.Releves.Domain.Tests.csproj", "{F7670B7E-7C1A-42FE-BF07-8BB22DC3948A}"
EndProject
Project("{9A19103F-16F7-4668-BE54-9A1E7A4F7556}") = "Saniteau.Facturation.Domain.Tests", "04-Facturation\Tests\Saniteau.Facturation.Domain.Tests\Saniteau.Facturation.Domain.Tests.csproj", "{30B82985-FD02-4957-BB50-52A0DC62E13B}"
EndProject
Project("{9A19103F-16F7-4668-BE54-9A1E7A4F7556}") = "Saniteau.DSP.Domain.Tests", "05-DSP\Tests\Saniteau.DSP.Domain.Tests\Saniteau.DSP.Domain.Tests.csproj", "{41F2C62B-53CD-46CB-95B8-878C330D8C75}"
EndProject
Project("{2150E333-8FDC-42A3-9474-1A3956D46DE8}") = "08-Common", "08-Common", "{C1FC3A9E-815E-461D-AD36-83FB7938DB3B}"
EndProject
Project("{9A19103F-16F7-4668-BE54-9A1E7A4F7556}") = "Saniteau.Common", "08-Common\Saniteau.Common\Saniteau.Common.csproj", "{745D24CF-DF86-4AE4-A704-B1F4FAEAE6E4}"
EndProject
Project("{2150E333-8FDC-42A3-9474-1A3956D46DE8}") = "Tests", "Tests", "{92F0DC6E-AC54-4B77-A315-7F6C067F597D}"
EndProject
Project("{9A19103F-16F7-4668-BE54-9A1E7A4F7556}") = "Saniteau.Common.Tests", "08-Common\Tests\Saniteau.Common.Tests\Saniteau.Common.Tests.csproj", "{F13B287A-642F-47FB-8BAA-802354537BE4}"
EndProject
Project("{9A19103F-16F7-4668-BE54-9A1E7A4F7556}") = "Saniteau.Compteurs.Application.Tests", "02-Compteurs\Tests\Saniteau.Compteurs.Application.Tests\Saniteau.Compteurs.Application.Tests.csproj", "{C730F41E-4B6B-4BC1-9D17-7C074C18FD66}"
EndProject
Project("{9A19103F-16F7-4668-BE54-9A1E7A4F7556}") = "Saniteau.Compteurs.Repository.Tests", "02-Compteurs\Tests\Saniteau.Compteurs.Repository.Tests\Saniteau.Compteurs.Repository.Tests.csproj", "{56DB81DC-2203-48CD-A790-4EC10DAB5FE5}"
EndProject
Project("{2150E333-8FDC-42A3-9474-1A3956D46DE8}") = "Tests", "Tests", "{A1B6BBE8-F0CF-4FC0-B73C-DAA37D2118F3}"
EndProject
Project("{9A19103F-16F7-4668-BE54-9A1E7A4F7556}") = "Saniteau.Tests", "01-Front\Tests\Saniteau.Tests\Saniteau.Tests.csproj", "{3A3AC753-AC52-4A69-A270-C2BD0DF25A0E}"
EndProject
Project("{9A19103F-16F7-4668-BE54-9A1E7A4F7556}") = "Saniteau.Facturation.Repository.Tests", "04-Facturation\Tests\Saniteau.Facturation.Repository.Tests\Saniteau.Facturation.Repository.Tests.csproj", "{DDE28B8D-C2C6-43B9-9EE0-18E182C5CD6A}"
EndProject
Project("{FAE04EC0-301F-11D3-BF4B-00C04F79EFBC}") = "Saniteau.DSP.Repository.Tests", "05-DSP\Tests\Saniteau.DSP.Repository.Tests\Saniteau.DSP.Repository.Tests.csproj", "{F2ECC9D0-B19E-448F-A8AD-612F83A68E4B}"
EndProject
Global
	GlobalSection(SolutionConfigurationPlatforms) = preSolution
		Debug|Any CPU = Debug|Any CPU
		Release|Any CPU = Release|Any CPU
	EndGlobalSection
	GlobalSection(ProjectConfigurationPlatforms) = postSolution
		{981CFDC2-EAF3-4FAD-BFF3-6E46224B8951}.Debug|Any CPU.ActiveCfg = Debug|Any CPU
		{981CFDC2-EAF3-4FAD-BFF3-6E46224B8951}.Debug|Any CPU.Build.0 = Debug|Any CPU
		{981CFDC2-EAF3-4FAD-BFF3-6E46224B8951}.Release|Any CPU.ActiveCfg = Release|Any CPU
		{981CFDC2-EAF3-4FAD-BFF3-6E46224B8951}.Release|Any CPU.Build.0 = Release|Any CPU
		{5ECBAED1-1BDB-4CEC-866E-FFA0AE449516}.Debug|Any CPU.ActiveCfg = Debug|Any CPU
		{5ECBAED1-1BDB-4CEC-866E-FFA0AE449516}.Debug|Any CPU.Build.0 = Debug|Any CPU
		{5ECBAED1-1BDB-4CEC-866E-FFA0AE449516}.Release|Any CPU.ActiveCfg = Release|Any CPU
		{5ECBAED1-1BDB-4CEC-866E-FFA0AE449516}.Release|Any CPU.Build.0 = Release|Any CPU
		{55B0C0AE-BA47-49AE-9F13-585B98B82C21}.Debug|Any CPU.ActiveCfg = Debug|Any CPU
		{55B0C0AE-BA47-49AE-9F13-585B98B82C21}.Debug|Any CPU.Build.0 = Debug|Any CPU
		{55B0C0AE-BA47-49AE-9F13-585B98B82C21}.Release|Any CPU.ActiveCfg = Release|Any CPU
		{55B0C0AE-BA47-49AE-9F13-585B98B82C21}.Release|Any CPU.Build.0 = Release|Any CPU
		{5D4545EA-4A29-48C5-8B7F-0A244CF6EA43}.Debug|Any CPU.ActiveCfg = Debug|Any CPU
		{5D4545EA-4A29-48C5-8B7F-0A244CF6EA43}.Debug|Any CPU.Build.0 = Debug|Any CPU
		{5D4545EA-4A29-48C5-8B7F-0A244CF6EA43}.Release|Any CPU.ActiveCfg = Release|Any CPU
		{5D4545EA-4A29-48C5-8B7F-0A244CF6EA43}.Release|Any CPU.Build.0 = Release|Any CPU
		{83137656-D0FA-4715-B7C6-74DB6718B2C0}.Debug|Any CPU.ActiveCfg = Debug|Any CPU
		{83137656-D0FA-4715-B7C6-74DB6718B2C0}.Debug|Any CPU.Build.0 = Debug|Any CPU
		{83137656-D0FA-4715-B7C6-74DB6718B2C0}.Release|Any CPU.ActiveCfg = Release|Any CPU
		{83137656-D0FA-4715-B7C6-74DB6718B2C0}.Release|Any CPU.Build.0 = Release|Any CPU
		{D31EBF0D-E073-4D7D-B097-3D5F1F3AD5FE}.Debug|Any CPU.ActiveCfg = Debug|Any CPU
		{D31EBF0D-E073-4D7D-B097-3D5F1F3AD5FE}.Debug|Any CPU.Build.0 = Debug|Any CPU
		{D31EBF0D-E073-4D7D-B097-3D5F1F3AD5FE}.Release|Any CPU.ActiveCfg = Release|Any CPU
		{D31EBF0D-E073-4D7D-B097-3D5F1F3AD5FE}.Release|Any CPU.Build.0 = Release|Any CPU
		{19598054-17E0-44A6-93FB-D2274B5B38B0}.Debug|Any CPU.ActiveCfg = Debug|Any CPU
		{19598054-17E0-44A6-93FB-D2274B5B38B0}.Debug|Any CPU.Build.0 = Debug|Any CPU
		{19598054-17E0-44A6-93FB-D2274B5B38B0}.Release|Any CPU.ActiveCfg = Release|Any CPU
		{19598054-17E0-44A6-93FB-D2274B5B38B0}.Release|Any CPU.Build.0 = Release|Any CPU
		{96FA4117-CD63-4160-BC67-041D789C28E4}.Debug|Any CPU.ActiveCfg = Debug|Any CPU
		{96FA4117-CD63-4160-BC67-041D789C28E4}.Debug|Any CPU.Build.0 = Debug|Any CPU
		{96FA4117-CD63-4160-BC67-041D789C28E4}.Release|Any CPU.ActiveCfg = Release|Any CPU
		{96FA4117-CD63-4160-BC67-041D789C28E4}.Release|Any CPU.Build.0 = Release|Any CPU
		{43BF9E00-6A12-45D6-8E05-01112B76C324}.Debug|Any CPU.ActiveCfg = Debug|Any CPU
		{43BF9E00-6A12-45D6-8E05-01112B76C324}.Debug|Any CPU.Build.0 = Debug|Any CPU
		{43BF9E00-6A12-45D6-8E05-01112B76C324}.Release|Any CPU.ActiveCfg = Release|Any CPU
		{43BF9E00-6A12-45D6-8E05-01112B76C324}.Release|Any CPU.Build.0 = Release|Any CPU
		{AF4B169A-2B99-464A-A511-F264A37D426D}.Debug|Any CPU.ActiveCfg = Debug|Any CPU
		{AF4B169A-2B99-464A-A511-F264A37D426D}.Debug|Any CPU.Build.0 = Debug|Any CPU
		{AF4B169A-2B99-464A-A511-F264A37D426D}.Release|Any CPU.ActiveCfg = Release|Any CPU
		{AF4B169A-2B99-464A-A511-F264A37D426D}.Release|Any CPU.Build.0 = Release|Any CPU
		{C23ABB7B-ED5C-4965-A8E0-F64F5FAA809C}.Debug|Any CPU.ActiveCfg = Debug|Any CPU
		{C23ABB7B-ED5C-4965-A8E0-F64F5FAA809C}.Debug|Any CPU.Build.0 = Debug|Any CPU
		{C23ABB7B-ED5C-4965-A8E0-F64F5FAA809C}.Release|Any CPU.ActiveCfg = Release|Any CPU
		{C23ABB7B-ED5C-4965-A8E0-F64F5FAA809C}.Release|Any CPU.Build.0 = Release|Any CPU
		{F120226D-8F8E-4A10-8665-AD925498EFF4}.Debug|Any CPU.ActiveCfg = Debug|Any CPU
		{F120226D-8F8E-4A10-8665-AD925498EFF4}.Debug|Any CPU.Build.0 = Debug|Any CPU
		{F120226D-8F8E-4A10-8665-AD925498EFF4}.Release|Any CPU.ActiveCfg = Release|Any CPU
		{F120226D-8F8E-4A10-8665-AD925498EFF4}.Release|Any CPU.Build.0 = Release|Any CPU
		{E1CEFBB3-6071-4A1A-AAF5-2BF548953D08}.Debug|Any CPU.ActiveCfg = Debug|Any CPU
		{E1CEFBB3-6071-4A1A-AAF5-2BF548953D08}.Debug|Any CPU.Build.0 = Debug|Any CPU
		{E1CEFBB3-6071-4A1A-AAF5-2BF548953D08}.Release|Any CPU.ActiveCfg = Release|Any CPU
		{E1CEFBB3-6071-4A1A-AAF5-2BF548953D08}.Release|Any CPU.Build.0 = Release|Any CPU
		{917F4208-AB8A-4BCC-B286-18596B135135}.Debug|Any CPU.ActiveCfg = Debug|Any CPU
		{917F4208-AB8A-4BCC-B286-18596B135135}.Debug|Any CPU.Build.0 = Debug|Any CPU
		{917F4208-AB8A-4BCC-B286-18596B135135}.Release|Any CPU.ActiveCfg = Release|Any CPU
		{917F4208-AB8A-4BCC-B286-18596B135135}.Release|Any CPU.Build.0 = Release|Any CPU
		{CA1491D1-2718-40A2-9E34-E15D774492A2}.Debug|Any CPU.ActiveCfg = Debug|Any CPU
		{CA1491D1-2718-40A2-9E34-E15D774492A2}.Debug|Any CPU.Build.0 = Debug|Any CPU
		{CA1491D1-2718-40A2-9E34-E15D774492A2}.Release|Any CPU.ActiveCfg = Release|Any CPU
		{CA1491D1-2718-40A2-9E34-E15D774492A2}.Release|Any CPU.Build.0 = Release|Any CPU
		{44553499-0953-491C-B5A6-741B2F2BA200}.Debug|Any CPU.ActiveCfg = Debug|Any CPU
		{44553499-0953-491C-B5A6-741B2F2BA200}.Debug|Any CPU.Build.0 = Debug|Any CPU
		{44553499-0953-491C-B5A6-741B2F2BA200}.Release|Any CPU.ActiveCfg = Release|Any CPU
		{44553499-0953-491C-B5A6-741B2F2BA200}.Release|Any CPU.Build.0 = Release|Any CPU
		{58BB6DEE-06CD-4BE5-BDC4-F2DA03A87631}.Debug|Any CPU.ActiveCfg = Debug|Any CPU
		{58BB6DEE-06CD-4BE5-BDC4-F2DA03A87631}.Debug|Any CPU.Build.0 = Debug|Any CPU
		{58BB6DEE-06CD-4BE5-BDC4-F2DA03A87631}.Release|Any CPU.ActiveCfg = Release|Any CPU
		{58BB6DEE-06CD-4BE5-BDC4-F2DA03A87631}.Release|Any CPU.Build.0 = Release|Any CPU
		{B16E1B5A-97AE-41F7-AD60-F97CA9EF7ECA}.Debug|Any CPU.ActiveCfg = Debug|Any CPU
		{B16E1B5A-97AE-41F7-AD60-F97CA9EF7ECA}.Debug|Any CPU.Build.0 = Debug|Any CPU
		{B16E1B5A-97AE-41F7-AD60-F97CA9EF7ECA}.Release|Any CPU.ActiveCfg = Release|Any CPU
		{B16E1B5A-97AE-41F7-AD60-F97CA9EF7ECA}.Release|Any CPU.Build.0 = Release|Any CPU
		{02746CC4-F2A5-4FA7-A919-67EFBD598732}.Debug|Any CPU.ActiveCfg = Debug|Any CPU
		{02746CC4-F2A5-4FA7-A919-67EFBD598732}.Debug|Any CPU.Build.0 = Debug|Any CPU
		{02746CC4-F2A5-4FA7-A919-67EFBD598732}.Release|Any CPU.ActiveCfg = Release|Any CPU
		{02746CC4-F2A5-4FA7-A919-67EFBD598732}.Release|Any CPU.Build.0 = Release|Any CPU
		{6681AC9C-3B89-4EF3-8428-BFCBFFD37C27}.Debug|Any CPU.ActiveCfg = Debug|Any CPU
		{6681AC9C-3B89-4EF3-8428-BFCBFFD37C27}.Debug|Any CPU.Build.0 = Debug|Any CPU
		{6681AC9C-3B89-4EF3-8428-BFCBFFD37C27}.Release|Any CPU.ActiveCfg = Release|Any CPU
		{6681AC9C-3B89-4EF3-8428-BFCBFFD37C27}.Release|Any CPU.Build.0 = Release|Any CPU
		{F7670B7E-7C1A-42FE-BF07-8BB22DC3948A}.Debug|Any CPU.ActiveCfg = Debug|Any CPU
		{F7670B7E-7C1A-42FE-BF07-8BB22DC3948A}.Debug|Any CPU.Build.0 = Debug|Any CPU
		{F7670B7E-7C1A-42FE-BF07-8BB22DC3948A}.Release|Any CPU.ActiveCfg = Release|Any CPU
		{F7670B7E-7C1A-42FE-BF07-8BB22DC3948A}.Release|Any CPU.Build.0 = Release|Any CPU
		{30B82985-FD02-4957-BB50-52A0DC62E13B}.Debug|Any CPU.ActiveCfg = Debug|Any CPU
		{30B82985-FD02-4957-BB50-52A0DC62E13B}.Debug|Any CPU.Build.0 = Debug|Any CPU
		{30B82985-FD02-4957-BB50-52A0DC62E13B}.Release|Any CPU.ActiveCfg = Release|Any CPU
		{30B82985-FD02-4957-BB50-52A0DC62E13B}.Release|Any CPU.Build.0 = Release|Any CPU
		{41F2C62B-53CD-46CB-95B8-878C330D8C75}.Debug|Any CPU.ActiveCfg = Debug|Any CPU
		{41F2C62B-53CD-46CB-95B8-878C330D8C75}.Debug|Any CPU.Build.0 = Debug|Any CPU
		{41F2C62B-53CD-46CB-95B8-878C330D8C75}.Release|Any CPU.ActiveCfg = Release|Any CPU
		{41F2C62B-53CD-46CB-95B8-878C330D8C75}.Release|Any CPU.Build.0 = Release|Any CPU
		{745D24CF-DF86-4AE4-A704-B1F4FAEAE6E4}.Debug|Any CPU.ActiveCfg = Debug|Any CPU
		{745D24CF-DF86-4AE4-A704-B1F4FAEAE6E4}.Debug|Any CPU.Build.0 = Debug|Any CPU
		{745D24CF-DF86-4AE4-A704-B1F4FAEAE6E4}.Release|Any CPU.ActiveCfg = Release|Any CPU
		{745D24CF-DF86-4AE4-A704-B1F4FAEAE6E4}.Release|Any CPU.Build.0 = Release|Any CPU
		{F13B287A-642F-47FB-8BAA-802354537BE4}.Debug|Any CPU.ActiveCfg = Debug|Any CPU
		{F13B287A-642F-47FB-8BAA-802354537BE4}.Debug|Any CPU.Build.0 = Debug|Any CPU
		{F13B287A-642F-47FB-8BAA-802354537BE4}.Release|Any CPU.ActiveCfg = Release|Any CPU
		{F13B287A-642F-47FB-8BAA-802354537BE4}.Release|Any CPU.Build.0 = Release|Any CPU
		{C730F41E-4B6B-4BC1-9D17-7C074C18FD66}.Debug|Any CPU.ActiveCfg = Debug|Any CPU
		{C730F41E-4B6B-4BC1-9D17-7C074C18FD66}.Debug|Any CPU.Build.0 = Debug|Any CPU
		{C730F41E-4B6B-4BC1-9D17-7C074C18FD66}.Release|Any CPU.ActiveCfg = Release|Any CPU
		{C730F41E-4B6B-4BC1-9D17-7C074C18FD66}.Release|Any CPU.Build.0 = Release|Any CPU
		{56DB81DC-2203-48CD-A790-4EC10DAB5FE5}.Debug|Any CPU.ActiveCfg = Debug|Any CPU
		{56DB81DC-2203-48CD-A790-4EC10DAB5FE5}.Debug|Any CPU.Build.0 = Debug|Any CPU
		{56DB81DC-2203-48CD-A790-4EC10DAB5FE5}.Release|Any CPU.ActiveCfg = Release|Any CPU
		{56DB81DC-2203-48CD-A790-4EC10DAB5FE5}.Release|Any CPU.Build.0 = Release|Any CPU
		{3A3AC753-AC52-4A69-A270-C2BD0DF25A0E}.Debug|Any CPU.ActiveCfg = Debug|Any CPU
		{3A3AC753-AC52-4A69-A270-C2BD0DF25A0E}.Debug|Any CPU.Build.0 = Debug|Any CPU
		{3A3AC753-AC52-4A69-A270-C2BD0DF25A0E}.Release|Any CPU.ActiveCfg = Release|Any CPU
		{3A3AC753-AC52-4A69-A270-C2BD0DF25A0E}.Release|Any CPU.Build.0 = Release|Any CPU
		{DDE28B8D-C2C6-43B9-9EE0-18E182C5CD6A}.Debug|Any CPU.ActiveCfg = Debug|Any CPU
		{DDE28B8D-C2C6-43B9-9EE0-18E182C5CD6A}.Debug|Any CPU.Build.0 = Debug|Any CPU
		{DDE28B8D-C2C6-43B9-9EE0-18E182C5CD6A}.Release|Any CPU.ActiveCfg = Release|Any CPU
		{DDE28B8D-C2C6-43B9-9EE0-18E182C5CD6A}.Release|Any CPU.Build.0 = Release|Any CPU
		{F2ECC9D0-B19E-448F-A8AD-612F83A68E4B}.Debug|Any CPU.ActiveCfg = Debug|Any CPU
		{F2ECC9D0-B19E-448F-A8AD-612F83A68E4B}.Debug|Any CPU.Build.0 = Debug|Any CPU
		{F2ECC9D0-B19E-448F-A8AD-612F83A68E4B}.Release|Any CPU.ActiveCfg = Release|Any CPU
		{F2ECC9D0-B19E-448F-A8AD-612F83A68E4B}.Release|Any CPU.Build.0 = Release|Any CPU
	EndGlobalSection
	GlobalSection(SolutionProperties) = preSolution
		HideSolutionNode = FALSE
	EndGlobalSection
	GlobalSection(NestedProjects) = preSolution
		{981CFDC2-EAF3-4FAD-BFF3-6E46224B8951} = {CAD3979A-CD97-484C-809C-0ACF7B55ABAC}
		{5ECBAED1-1BDB-4CEC-866E-FFA0AE449516} = {31FF49A6-E073-4F3D-9531-B58DBD69CC05}
		{55B0C0AE-BA47-49AE-9F13-585B98B82C21} = {31FF49A6-E073-4F3D-9531-B58DBD69CC05}
		{5D4545EA-4A29-48C5-8B7F-0A244CF6EA43} = {31FF49A6-E073-4F3D-9531-B58DBD69CC05}
		{83137656-D0FA-4715-B7C6-74DB6718B2C0} = {6ED1D2EB-0CF0-4EA6-9D15-F2A276AEDAA6}
		{D31EBF0D-E073-4D7D-B097-3D5F1F3AD5FE} = {6ED1D2EB-0CF0-4EA6-9D15-F2A276AEDAA6}
		{19598054-17E0-44A6-93FB-D2274B5B38B0} = {6ED1D2EB-0CF0-4EA6-9D15-F2A276AEDAA6}
		{96FA4117-CD63-4160-BC67-041D789C28E4} = {C34BF925-0500-4B66-8282-0E7269444C4A}
		{43BF9E00-6A12-45D6-8E05-01112B76C324} = {C34BF925-0500-4B66-8282-0E7269444C4A}
		{AF4B169A-2B99-464A-A511-F264A37D426D} = {C34BF925-0500-4B66-8282-0E7269444C4A}
		{C23ABB7B-ED5C-4965-A8E0-F64F5FAA809C} = {7D34C3B2-C718-4222-BCE6-B432BAEE9F53}
		{F120226D-8F8E-4A10-8665-AD925498EFF4} = {7D34C3B2-C718-4222-BCE6-B432BAEE9F53}
		{E1CEFBB3-6071-4A1A-AAF5-2BF548953D08} = {7D34C3B2-C718-4222-BCE6-B432BAEE9F53}
		{917F4208-AB8A-4BCC-B286-18596B135135} = {2F3A5C27-3426-4D9A-B37F-5516E79D342A}
		{CA1491D1-2718-40A2-9E34-E15D774492A2} = {2F3A5C27-3426-4D9A-B37F-5516E79D342A}
		{44553499-0953-491C-B5A6-741B2F2BA200} = {31FF49A6-E073-4F3D-9531-B58DBD69CC05}
		{58BB6DEE-06CD-4BE5-BDC4-F2DA03A87631} = {6ED1D2EB-0CF0-4EA6-9D15-F2A276AEDAA6}
		{B16E1B5A-97AE-41F7-AD60-F97CA9EF7ECA} = {C34BF925-0500-4B66-8282-0E7269444C4A}
		{02746CC4-F2A5-4FA7-A919-67EFBD598732} = {7D34C3B2-C718-4222-BCE6-B432BAEE9F53}
		{C0A570D5-032A-4443-9DF9-38D08FCA5211} = {31FF49A6-E073-4F3D-9531-B58DBD69CC05}
		{30DFF06A-16E2-4A43-B571-0AB8A8FC7C2A} = {6ED1D2EB-0CF0-4EA6-9D15-F2A276AEDAA6}
		{4A75FDC2-7E0F-4025-A544-667270BC3BDE} = {C34BF925-0500-4B66-8282-0E7269444C4A}
		{456951DF-D5C7-48C9-B231-61767895D5FB} = {7D34C3B2-C718-4222-BCE6-B432BAEE9F53}
		{6681AC9C-3B89-4EF3-8428-BFCBFFD37C27} = {C0A570D5-032A-4443-9DF9-38D08FCA5211}
		{F7670B7E-7C1A-42FE-BF07-8BB22DC3948A} = {30DFF06A-16E2-4A43-B571-0AB8A8FC7C2A}
		{30B82985-FD02-4957-BB50-52A0DC62E13B} = {4A75FDC2-7E0F-4025-A544-667270BC3BDE}
		{41F2C62B-53CD-46CB-95B8-878C330D8C75} = {456951DF-D5C7-48C9-B231-61767895D5FB}
		{745D24CF-DF86-4AE4-A704-B1F4FAEAE6E4} = {C1FC3A9E-815E-461D-AD36-83FB7938DB3B}
		{92F0DC6E-AC54-4B77-A315-7F6C067F597D} = {C1FC3A9E-815E-461D-AD36-83FB7938DB3B}
		{F13B287A-642F-47FB-8BAA-802354537BE4} = {92F0DC6E-AC54-4B77-A315-7F6C067F597D}
		{C730F41E-4B6B-4BC1-9D17-7C074C18FD66} = {C0A570D5-032A-4443-9DF9-38D08FCA5211}
		{56DB81DC-2203-48CD-A790-4EC10DAB5FE5} = {C0A570D5-032A-4443-9DF9-38D08FCA5211}
		{A1B6BBE8-F0CF-4FC0-B73C-DAA37D2118F3} = {CAD3979A-CD97-484C-809C-0ACF7B55ABAC}
		{3A3AC753-AC52-4A69-A270-C2BD0DF25A0E} = {A1B6BBE8-F0CF-4FC0-B73C-DAA37D2118F3}
		{DDE28B8D-C2C6-43B9-9EE0-18E182C5CD6A} = {4A75FDC2-7E0F-4025-A544-667270BC3BDE}
		{F2ECC9D0-B19E-448F-A8AD-612F83A68E4B} = {456951DF-D5C7-48C9-B231-61767895D5FB}
	EndGlobalSection
	GlobalSection(ExtensibilityGlobals) = postSolution
		SolutionGuid = {0D331CE2-D36C-4DE4-B2CE-7333D54D12FB}
	EndGlobalSection
EndGlobal
